
Microsoft Visual Studio Solution File, Format Version 12.00
# Visual Studio Version 17
VisualStudioVersion = 17.14.36310.24
MinimumVisualStudioVersion = 10.0.40219.1
Project("{2150E333-8FDC-42A3-9474-1A3956D46DE8}") = "src", "src", "{02EA681E-C7D8-13C7-8484-4AC65E1B71E8}"
EndProject
Project("{2150E333-8FDC-42A3-9474-1A3956D46DE8}") = "tests", "tests", "{658F0769-0C63-4D74-BDDD-CBEC2369C038}"
EndProject
Project("{FAE04EC0-301F-11D3-BF4B-00C04F79EFBC}") = "Evacuation.UnitTests", "tests\Evacuation.UnitTests\Evacuation.UnitTests.csproj", "{EB605768-AF47-0F57-9D70-DC9872C21DCF}"
EndProject
Project("{FAE04EC0-301F-11D3-BF4B-00C04F79EFBC}") = "Evacuation.Shared", "src\Evacuation.Shared\Evacuation.Shared.csproj", "{EF65C5AB-D1B9-5924-A453-BB07BD0645E4}"
EndProject
Project("{FAE04EC0-301F-11D3-BF4B-00C04F79EFBC}") = "Evacuation.Infrastructure", "src\Evacuation.Infrastructure\Evacuation.Infrastructure.csproj", "{FD8988C5-BD4B-B342-7CFB-6A34AFE9A41C}"
EndProject
Project("{FAE04EC0-301F-11D3-BF4B-00C04F79EFBC}") = "Evacuation.Domain", "src\Evacuation.Domain\Evacuation.Domain.csproj", "{8F0A0456-B19D-3E57-0391-AAE86E639821}"
EndProject
Project("{FAE04EC0-301F-11D3-BF4B-00C04F79EFBC}") = "Evacuation.Application", "src\Evacuation.Application\Evacuation.Application.csproj", "{BD0C8842-7FB8-BB8E-1A09-1E5DB7A3E173}"
EndProject
Project("{FAE04EC0-301F-11D3-BF4B-00C04F79EFBC}") = "Evacuation.API", "src\Evacuation.API\Evacuation.API.csproj", "{6F4B98FA-F463-5100-A1FB-D8B830B628DB}"
EndProject
Global
	GlobalSection(SolutionConfigurationPlatforms) = preSolution
		Debug|Any CPU = Debug|Any CPU
		Release|Any CPU = Release|Any CPU
	EndGlobalSection
	GlobalSection(ProjectConfigurationPlatforms) = postSolution
		{EB605768-AF47-0F57-9D70-DC9872C21DCF}.Debug|Any CPU.ActiveCfg = Debug|Any CPU
		{EB605768-AF47-0F57-9D70-DC9872C21DCF}.Debug|Any CPU.Build.0 = Debug|Any CPU
		{EB605768-AF47-0F57-9D70-DC9872C21DCF}.Release|Any CPU.ActiveCfg = Release|Any CPU
		{EB605768-AF47-0F57-9D70-DC9872C21DCF}.Release|Any CPU.Build.0 = Release|Any CPU
		{EF65C5AB-D1B9-5924-A453-BB07BD0645E4}.Debug|Any CPU.ActiveCfg = Debug|Any CPU
		{EF65C5AB-D1B9-5924-A453-BB07BD0645E4}.Debug|Any CPU.Build.0 = Debug|Any CPU
		{EF65C5AB-D1B9-5924-A453-BB07BD0645E4}.Release|Any CPU.ActiveCfg = Release|Any CPU
		{EF65C5AB-D1B9-5924-A453-BB07BD0645E4}.Release|Any CPU.Build.0 = Release|Any CPU
		{FD8988C5-BD4B-B342-7CFB-6A34AFE9A41C}.Debug|Any CPU.ActiveCfg = Debug|Any CPU
		{FD8988C5-BD4B-B342-7CFB-6A34AFE9A41C}.Debug|Any CPU.Build.0 = Debug|Any CPU
		{FD8988C5-BD4B-B342-7CFB-6A34AFE9A41C}.Release|Any CPU.ActiveCfg = Release|Any CPU
		{FD8988C5-BD4B-B342-7CFB-6A34AFE9A41C}.Release|Any CPU.Build.0 = Release|Any CPU
		{8F0A0456-B19D-3E57-0391-AAE86E639821}.Debug|Any CPU.ActiveCfg = Debug|Any CPU
		{8F0A0456-B19D-3E57-0391-AAE86E639821}.Debug|Any CPU.Build.0 = Debug|Any CPU
		{8F0A0456-B19D-3E57-0391-AAE86E639821}.Release|Any CPU.ActiveCfg = Release|Any CPU
		{8F0A0456-B19D-3E57-0391-AAE86E639821}.Release|Any CPU.Build.0 = Release|Any CPU
		{BD0C8842-7FB8-BB8E-1A09-1E5DB7A3E173}.Debug|Any CPU.ActiveCfg = Debug|Any CPU
		{BD0C8842-7FB8-BB8E-1A09-1E5DB7A3E173}.Debug|Any CPU.Build.0 = Debug|Any CPU
		{BD0C8842-7FB8-BB8E-1A09-1E5DB7A3E173}.Release|Any CPU.ActiveCfg = Release|Any CPU
		{BD0C8842-7FB8-BB8E-1A09-1E5DB7A3E173}.Release|Any CPU.Build.0 = Release|Any CPU
		{6F4B98FA-F463-5100-A1FB-D8B830B628DB}.Debug|Any CPU.ActiveCfg = Debug|Any CPU
		{6F4B98FA-F463-5100-A1FB-D8B830B628DB}.Debug|Any CPU.Build.0 = Debug|Any CPU
		{6F4B98FA-F463-5100-A1FB-D8B830B628DB}.Release|Any CPU.ActiveCfg = Release|Any CPU
		{6F4B98FA-F463-5100-A1FB-D8B830B628DB}.Release|Any CPU.Build.0 = Release|Any CPU
	EndGlobalSection
	GlobalSection(SolutionProperties) = preSolution
		HideSolutionNode = FALSE
	EndGlobalSection
	GlobalSection(NestedProjects) = preSolution
		{EB605768-AF47-0F57-9D70-DC9872C21DCF} = {658F0769-0C63-4D74-BDDD-CBEC2369C038}
		{EF65C5AB-D1B9-5924-A453-BB07BD0645E4} = {02EA681E-C7D8-13C7-8484-4AC65E1B71E8}
		{FD8988C5-BD4B-B342-7CFB-6A34AFE9A41C} = {02EA681E-C7D8-13C7-8484-4AC65E1B71E8}
		{8F0A0456-B19D-3E57-0391-AAE86E639821} = {02EA681E-C7D8-13C7-8484-4AC65E1B71E8}
		{BD0C8842-7FB8-BB8E-1A09-1E5DB7A3E173} = {02EA681E-C7D8-13C7-8484-4AC65E1B71E8}
		{6F4B98FA-F463-5100-A1FB-D8B830B628DB} = {02EA681E-C7D8-13C7-8484-4AC65E1B71E8}
	EndGlobalSection
	GlobalSection(ExtensibilityGlobals) = postSolution
		SolutionGuid = {0D2F17BE-75C4-4728-BA6F-D88FDF4652F4}
	EndGlobalSection
EndGlobal
